// !$*UTF8*$!
{
	archiveVersion = 1;
	classes = {
	};
	objectVersion = 50;
	objects = {

/* Begin PBXBuildFile section */
		7E4E48C024DA55DE006E0747 /* MyhalExploreMode.swift in Sources */ = {isa = PBXBuildFile; fileRef = 7E4E48BF24DA55DE006E0747 /* MyhalExploreMode.swift */; };
		7EEAE82124DAA34200BA24DD /* BahenExploreMore.swift in Sources */ = {isa = PBXBuildFile; fileRef = 7EEAE82024DAA34200BA24DD /* BahenExploreMore.swift */; };
		9226D60424D4DAB700F5040D /* AppDelegate.swift in Sources */ = {isa = PBXBuildFile; fileRef = 9226D60324D4DAB700F5040D /* AppDelegate.swift */; };
		9226D60624D4DAB700F5040D /* SceneDelegate.swift in Sources */ = {isa = PBXBuildFile; fileRef = 9226D60524D4DAB700F5040D /* SceneDelegate.swift */; };
		9226D60824D4DAB700F5040D /* ViewController.swift in Sources */ = {isa = PBXBuildFile; fileRef = 9226D60724D4DAB700F5040D /* ViewController.swift */; };
		9226D60B24D4DAB700F5040D /* Main.storyboard in Resources */ = {isa = PBXBuildFile; fileRef = 9226D60924D4DAB700F5040D /* Main.storyboard */; };
		9226D60D24D4DAB800F5040D /* Assets.xcassets in Resources */ = {isa = PBXBuildFile; fileRef = 9226D60C24D4DAB800F5040D /* Assets.xcassets */; };
		9226D61024D4DAB800F5040D /* LaunchScreen.storyboard in Resources */ = {isa = PBXBuildFile; fileRef = 9226D60E24D4DAB800F5040D /* LaunchScreen.storyboard */; };
		924A237824D4EA51009C0ECC /* MyhalTableViewController.swift in Sources */ = {isa = PBXBuildFile; fileRef = 924A237724D4EA51009C0ECC /* MyhalTableViewController.swift */; };
		B30DD07024D782B1006A5F19 /* MapKit.framework in Frameworks */ = {isa = PBXBuildFile; fileRef = B30DD06F24D782B1006A5F19 /* MapKit.framework */; };
		B30DD07224D783AB006A5F19 /* BahenTableViewController.swift in Sources */ = {isa = PBXBuildFile; fileRef = B30DD07124D783AB006A5F19 /* BahenTableViewController.swift */; };
		B30DD07624D793F0006A5F19 /* LocationSearchTable.swift in Sources */ = {isa = PBXBuildFile; fileRef = B30DD07524D793F0006A5F19 /* LocationSearchTable.swift */; };
		B30DD07A24D91CBC006A5F19 /* Locations.swift in Sources */ = {isa = PBXBuildFile; fileRef = B30DD07924D91CBC006A5F19 /* Locations.swift */; };
		B3DF7ED824DA2B4500E80658 /* LocationsView.swift in Sources */ = {isa = PBXBuildFile; fileRef = B3DF7ED724DA2B4500E80658 /* LocationsView.swift */; };
/* End PBXBuildFile section */

/* Begin PBXFileReference section */
		7E4E48BF24DA55DE006E0747 /* MyhalExploreMode.swift */ = {isa = PBXFileReference; lastKnownFileType = sourcecode.swift; path = MyhalExploreMode.swift; sourceTree = "<group>"; };
		7EEAE82024DAA34200BA24DD /* BahenExploreMore.swift */ = {isa = PBXFileReference; lastKnownFileType = sourcecode.swift; path = BahenExploreMore.swift; sourceTree = "<group>"; };
		9226D60024D4DAB700F5040D /* UofTwithME.app */ = {isa = PBXFileReference; explicitFileType = wrapper.application; includeInIndex = 0; path = UofTwithME.app; sourceTree = BUILT_PRODUCTS_DIR; };
		9226D60324D4DAB700F5040D /* AppDelegate.swift */ = {isa = PBXFileReference; lastKnownFileType = sourcecode.swift; path = AppDelegate.swift; sourceTree = "<group>"; };
		9226D60524D4DAB700F5040D /* SceneDelegate.swift */ = {isa = PBXFileReference; lastKnownFileType = sourcecode.swift; path = SceneDelegate.swift; sourceTree = "<group>"; };
		9226D60724D4DAB700F5040D /* ViewController.swift */ = {isa = PBXFileReference; lastKnownFileType = sourcecode.swift; path = ViewController.swift; sourceTree = "<group>"; };
		9226D60A24D4DAB700F5040D /* Base */ = {isa = PBXFileReference; lastKnownFileType = file.storyboard; name = Base; path = Base.lproj/Main.storyboard; sourceTree = "<group>"; };
		9226D60C24D4DAB800F5040D /* Assets.xcassets */ = {isa = PBXFileReference; lastKnownFileType = folder.assetcatalog; path = Assets.xcassets; sourceTree = "<group>"; };
		9226D60F24D4DAB800F5040D /* Base */ = {isa = PBXFileReference; lastKnownFileType = file.storyboard; name = Base; path = Base.lproj/LaunchScreen.storyboard; sourceTree = "<group>"; };
		9226D61124D4DAB800F5040D /* Info.plist */ = {isa = PBXFileReference; lastKnownFileType = text.plist.xml; path = Info.plist; sourceTree = "<group>"; };
		924A237724D4EA51009C0ECC /* MyhalTableViewController.swift */ = {isa = PBXFileReference; lastKnownFileType = sourcecode.swift; path = MyhalTableViewController.swift; sourceTree = "<group>"; };
		B30DD06F24D782B1006A5F19 /* MapKit.framework */ = {isa = PBXFileReference; lastKnownFileType = wrapper.framework; name = MapKit.framework; path = System/Library/Frameworks/MapKit.framework; sourceTree = SDKROOT; };
		B30DD07124D783AB006A5F19 /* BahenTableViewController.swift */ = {isa = PBXFileReference; lastKnownFileType = sourcecode.swift; path = BahenTableViewController.swift; sourceTree = "<group>"; };
		B30DD07524D793F0006A5F19 /* LocationSearchTable.swift */ = {isa = PBXFileReference; lastKnownFileType = sourcecode.swift; path = LocationSearchTable.swift; sourceTree = "<group>"; };
		B30DD07924D91CBC006A5F19 /* Locations.swift */ = {isa = PBXFileReference; lastKnownFileType = sourcecode.swift; path = Locations.swift; sourceTree = "<group>"; };
		B3DF7ED724DA2B4500E80658 /* LocationsView.swift */ = {isa = PBXFileReference; lastKnownFileType = sourcecode.swift; path = LocationsView.swift; sourceTree = "<group>"; };
/* End PBXFileReference section */

/* Begin PBXFrameworksBuildPhase section */
		9226D5FD24D4DAB700F5040D /* Frameworks */ = {
			isa = PBXFrameworksBuildPhase;
			buildActionMask = 2147483647;
			files = (
				B30DD07024D782B1006A5F19 /* MapKit.framework in Frameworks */,
			);
			runOnlyForDeploymentPostprocessing = 0;
		};
/* End PBXFrameworksBuildPhase section */

/* Begin PBXGroup section */
		9226D5F724D4DAB700F5040D = {
			isa = PBXGroup;
			children = (
				9226D60224D4DAB700F5040D /* UofTwithME */,
				9226D60124D4DAB700F5040D /* Products */,
				B30DD06E24D782B1006A5F19 /* Frameworks */,
			);
			sourceTree = "<group>";
		};
		9226D60124D4DAB700F5040D /* Products */ = {
			isa = PBXGroup;
			children = (
				9226D60024D4DAB700F5040D /* UofTwithME.app */,
			);
			name = Products;
			sourceTree = "<group>";
		};
		9226D60224D4DAB700F5040D /* UofTwithME */ = {
			isa = PBXGroup;
			children = (
				9226D60324D4DAB700F5040D /* AppDelegate.swift */,
				9226D60524D4DAB700F5040D /* SceneDelegate.swift */,
				9226D60724D4DAB700F5040D /* ViewController.swift */,
				9226D60924D4DAB700F5040D /* Main.storyboard */,
				9226D60C24D4DAB800F5040D /* Assets.xcassets */,
				9226D60E24D4DAB800F5040D /* LaunchScreen.storyboard */,
				9226D61124D4DAB800F5040D /* Info.plist */,
				924A237724D4EA51009C0ECC /* MyhalTableViewController.swift */,
				B30DD07124D783AB006A5F19 /* BahenTableViewController.swift */,
				B30DD07524D793F0006A5F19 /* LocationSearchTable.swift */,
				B30DD07924D91CBC006A5F19 /* Locations.swift */,
				B3DF7ED724DA2B4500E80658 /* LocationsView.swift */,
				7E4E48BF24DA55DE006E0747 /* MyhalExploreMode.swift */,
				7EEAE82024DAA34200BA24DD /* BahenExploreMore.swift */,
			);
			path = UofTwithME;
			sourceTree = "<group>";
		};
		B30DD06E24D782B1006A5F19 /* Frameworks */ = {
			isa = PBXGroup;
			children = (
				B30DD06F24D782B1006A5F19 /* MapKit.framework */,
			);
			name = Frameworks;
			sourceTree = "<group>";
		};
/* End PBXGroup section */

/* Begin PBXNativeTarget section */
		9226D5FF24D4DAB700F5040D /* UofTwithME */ = {
			isa = PBXNativeTarget;
			buildConfigurationList = 9226D61424D4DAB800F5040D /* Build configuration list for PBXNativeTarget "UofTwithME" */;
			buildPhases = (
				9226D5FC24D4DAB700F5040D /* Sources */,
				9226D5FD24D4DAB700F5040D /* Frameworks */,
				9226D5FE24D4DAB700F5040D /* Resources */,
			);
			buildRules = (
			);
			dependencies = (
			);
			name = UofTwithME;
			productName = UofTwithME;
			productReference = 9226D60024D4DAB700F5040D /* UofTwithME.app */;
			productType = "com.apple.product-type.application";
		};
/* End PBXNativeTarget section */

/* Begin PBXProject section */
		9226D5F824D4DAB700F5040D /* Project object */ = {
			isa = PBXProject;
			attributes = {
				LastSwiftUpdateCheck = 1160;
				LastUpgradeCheck = 1160;
				TargetAttributes = {
					9226D5FF24D4DAB700F5040D = {
						CreatedOnToolsVersion = 11.6;
					};
				};
			};
			buildConfigurationList = 9226D5FB24D4DAB700F5040D /* Build configuration list for PBXProject "UofTwithME" */;
			compatibilityVersion = "Xcode 9.3";
			developmentRegion = en;
			hasScannedForEncodings = 0;
			knownRegions = (
				en,
				Base,
			);
			mainGroup = 9226D5F724D4DAB700F5040D;
			productRefGroup = 9226D60124D4DAB700F5040D /* Products */;
			projectDirPath = "";
			projectRoot = "";
			targets = (
				9226D5FF24D4DAB700F5040D /* UofTwithME */,
			);
		};
/* End PBXProject section */

/* Begin PBXResourcesBuildPhase section */
		9226D5FE24D4DAB700F5040D /* Resources */ = {
			isa = PBXResourcesBuildPhase;
			buildActionMask = 2147483647;
			files = (
				9226D61024D4DAB800F5040D /* LaunchScreen.storyboard in Resources */,
				9226D60D24D4DAB800F5040D /* Assets.xcassets in Resources */,
				9226D60B24D4DAB700F5040D /* Main.storyboard in Resources */,
			);
			runOnlyForDeploymentPostprocessing = 0;
		};
/* End PBXResourcesBuildPhase section */

/* Begin PBXSourcesBuildPhase section */
		9226D5FC24D4DAB700F5040D /* Sources */ = {
			isa = PBXSourcesBuildPhase;
			buildActionMask = 2147483647;
			files = (
				9226D60824D4DAB700F5040D /* ViewController.swift in Sources */,
				B30DD07224D783AB006A5F19 /* BahenTableViewController.swift in Sources */,
				9226D60424D4DAB700F5040D /* AppDelegate.swift in Sources */,
				7EEAE82124DAA34200BA24DD /* BahenExploreMore.swift in Sources */,
				B30DD07A24D91CBC006A5F19 /* Locations.swift in Sources */,
				B30DD07624D793F0006A5F19 /* LocationSearchTable.swift in Sources */,
				B3DF7ED824DA2B4500E80658 /* LocationsView.swift in Sources */,
				9226D60624D4DAB700F5040D /* SceneDelegate.swift in Sources */,
				924A237824D4EA51009C0ECC /* MyhalTableViewController.swift in Sources */,
				7E4E48C024DA55DE006E0747 /* MyhalExploreMode.swift in Sources */,
			);
			runOnlyForDeploymentPostprocessing = 0;
		};
/* End PBXSourcesBuildPhase section */

/* Begin PBXVariantGroup section */
		9226D60924D4DAB700F5040D /* Main.storyboard */ = {
			isa = PBXVariantGroup;
			children = (
				9226D60A24D4DAB700F5040D /* Base */,
			);
			name = Main.storyboard;
			sourceTree = "<group>";
		};
		9226D60E24D4DAB800F5040D /* LaunchScreen.storyboard */ = {
			isa = PBXVariantGroup;
			children = (
				9226D60F24D4DAB800F5040D /* Base */,
			);
			name = LaunchScreen.storyboard;
			sourceTree = "<group>";
		};
/* End PBXVariantGroup section */

/* Begin XCBuildConfiguration section */
		9226D61224D4DAB800F5040D /* Debug */ = {
			isa = XCBuildConfiguration;
			buildSettings = {
				ALWAYS_SEARCH_USER_PATHS = NO;
				CLANG_ANALYZER_NONNULL = YES;
				CLANG_ANALYZER_NUMBER_OBJECT_CONVERSION = YES_AGGRESSIVE;
				CLANG_CXX_LANGUAGE_STANDARD = "gnu++14";
				CLANG_CXX_LIBRARY = "libc++";
				CLANG_ENABLE_MODULES = YES;
				CLANG_ENABLE_OBJC_ARC = YES;
				CLANG_ENABLE_OBJC_WEAK = YES;
				CLANG_WARN_BLOCK_CAPTURE_AUTORELEASING = YES;
				CLANG_WARN_BOOL_CONVERSION = YES;
				CLANG_WARN_COMMA = YES;
				CLANG_WARN_CONSTANT_CONVERSION = YES;
				CLANG_WARN_DEPRECATED_OBJC_IMPLEMENTATIONS = YES;
				CLANG_WARN_DIRECT_OBJC_ISA_USAGE = YES_ERROR;
				CLANG_WARN_DOCUMENTATION_COMMENTS = YES;
				CLANG_WARN_EMPTY_BODY = YES;
				CLANG_WARN_ENUM_CONVERSION = YES;
				CLANG_WARN_INFINITE_RECURSION = YES;
				CLANG_WARN_INT_CONVERSION = YES;
				CLANG_WARN_NON_LITERAL_NULL_CONVERSION = YES;
				CLANG_WARN_OBJC_IMPLICIT_RETAIN_SELF = YES;
				CLANG_WARN_OBJC_LITERAL_CONVERSION = YES;
				CLANG_WARN_OBJC_ROOT_CLASS = YES_ERROR;
				CLANG_WARN_RANGE_LOOP_ANALYSIS = YES;
				CLANG_WARN_STRICT_PROTOTYPES = YES;
				CLANG_WARN_SUSPICIOUS_MOVE = YES;
				CLANG_WARN_UNGUARDED_AVAILABILITY = YES_AGGRESSIVE;
				CLANG_WARN_UNREACHABLE_CODE = YES;
				CLANG_WARN__DUPLICATE_METHOD_MATCH = YES;
				COPY_PHASE_STRIP = NO;
				DEBUG_INFORMATION_FORMAT = dwarf;
				ENABLE_STRICT_OBJC_MSGSEND = YES;
				ENABLE_TESTABILITY = YES;
				GCC_C_LANGUAGE_STANDARD = gnu11;
				GCC_DYNAMIC_NO_PIC = NO;
				GCC_NO_COMMON_BLOCKS = YES;
				GCC_OPTIMIZATION_LEVEL = 0;
				GCC_PREPROCESSOR_DEFINITIONS = (
					"DEBUG=1",
					"$(inherited)",
				);
				GCC_WARN_64_TO_32_BIT_CONVERSION = YES;
				GCC_WARN_ABOUT_RETURN_TYPE = YES_ERROR;
				GCC_WARN_UNDECLARED_SELECTOR = YES;
				GCC_WARN_UNINITIALIZED_AUTOS = YES_AGGRESSIVE;
				GCC_WARN_UNUSED_FUNCTION = YES;
				GCC_WARN_UNUSED_VARIABLE = YES;
				IPHONEOS_DEPLOYMENT_TARGET = 13.6;
				MTL_ENABLE_DEBUG_INFO = INCLUDE_SOURCE;
				MTL_FAST_MATH = YES;
				ONLY_ACTIVE_ARCH = YES;
				SDKROOT = iphoneos;
				SWIFT_ACTIVE_COMPILATION_CONDITIONS = DEBUG;
				SWIFT_OPTIMIZATION_LEVEL = "-Onone";
			};
			name = Debug;
		};
		9226D61324D4DAB800F5040D /* Release */ = {
			isa = XCBuildConfiguration;
			buildSettings = {
				ALWAYS_SEARCH_USER_PATHS = NO;
				CLANG_ANALYZER_NONNULL = YES;
				CLANG_ANALYZER_NUMBER_OBJECT_CONVERSION = YES_AGGRESSIVE;
				CLANG_CXX_LANGUAGE_STANDARD = "gnu++14";
				CLANG_CXX_LIBRARY = "libc++";
				CLANG_ENABLE_MODULES = YES;
				CLANG_ENABLE_OBJC_ARC = YES;
				CLANG_ENABLE_OBJC_WEAK = YES;
				CLANG_WARN_BLOCK_CAPTURE_AUTORELEASING = YES;
				CLANG_WARN_BOOL_CONVERSION = YES;
				CLANG_WARN_COMMA = YES;
				CLANG_WARN_CONSTANT_CONVERSION = YES;
				CLANG_WARN_DEPRECATED_OBJC_IMPLEMENTATIONS = YES;
				CLANG_WARN_DIRECT_OBJC_ISA_USAGE = YES_ERROR;
				CLANG_WARN_DOCUMENTATION_COMMENTS = YES;
				CLANG_WARN_EMPTY_BODY = YES;
				CLANG_WARN_ENUM_CONVERSION = YES;
				CLANG_WARN_INFINITE_RECURSION = YES;
				CLANG_WARN_INT_CONVERSION = YES;
				CLANG_WARN_NON_LITERAL_NULL_CONVERSION = YES;
				CLANG_WARN_OBJC_IMPLICIT_RETAIN_SELF = YES;
				CLANG_WARN_OBJC_LITERAL_CONVERSION = YES;
				CLANG_WARN_OBJC_ROOT_CLASS = YES_ERROR;
				CLANG_WARN_RANGE_LOOP_ANALYSIS = YES;
				CLANG_WARN_STRICT_PROTOTYPES = YES;
				CLANG_WARN_SUSPICIOUS_MOVE = YES;
				CLANG_WARN_UNGUARDED_AVAILABILITY = YES_AGGRESSIVE;
				CLANG_WARN_UNREACHABLE_CODE = YES;
				CLANG_WARN__DUPLICATE_METHOD_MATCH = YES;
				COPY_PHASE_STRIP = NO;
				DEBUG_INFORMATION_FORMAT = "dwarf-with-dsym";
				ENABLE_NS_ASSERTIONS = NO;
				ENABLE_STRICT_OBJC_MSGSEND = YES;
				GCC_C_LANGUAGE_STANDARD = gnu11;
				GCC_NO_COMMON_BLOCKS = YES;
				GCC_WARN_64_TO_32_BIT_CONVERSION = YES;
				GCC_WARN_ABOUT_RETURN_TYPE = YES_ERROR;
				GCC_WARN_UNDECLARED_SELECTOR = YES;
				GCC_WARN_UNINITIALIZED_AUTOS = YES_AGGRESSIVE;
				GCC_WARN_UNUSED_FUNCTION = YES;
				GCC_WARN_UNUSED_VARIABLE = YES;
				IPHONEOS_DEPLOYMENT_TARGET = 13.6;
				MTL_ENABLE_DEBUG_INFO = NO;
				MTL_FAST_MATH = YES;
				SDKROOT = iphoneos;
				SWIFT_COMPILATION_MODE = wholemodule;
				SWIFT_OPTIMIZATION_LEVEL = "-O";
				VALIDATE_PRODUCT = YES;
			};
			name = Release;
		};
		9226D61524D4DAB800F5040D /* Debug */ = {
			isa = XCBuildConfiguration;
			buildSettings = {
				ASSETCATALOG_COMPILER_APPICON_NAME = AppIcon;
				CODE_SIGN_STYLE = Automatic;
				INFOPLIST_FILE = UofTwithME/Info.plist;
				IPHONEOS_DEPLOYMENT_TARGET = 13.1;
				LD_RUNPATH_SEARCH_PATHS = (
					"$(inherited)",
					"@executable_path/Frameworks",
				);
				PRODUCT_BUNDLE_IDENTIFIER = com.example.UofTwithME;
				PRODUCT_NAME = "$(TARGET_NAME)";
				SWIFT_VERSION = 5.0;
				TARGETED_DEVICE_FAMILY = "1,2";
			};
			name = Debug;
		};
		9226D61624D4DAB800F5040D /* Release */ = {
			isa = XCBuildConfiguration;
			buildSettings = {
				ASSETCATALOG_COMPILER_APPICON_NAME = AppIcon;
				CODE_SIGN_STYLE = Automatic;
				INFOPLIST_FILE = UofTwithME/Info.plist;
				IPHONEOS_DEPLOYMENT_TARGET = 13.1;
				LD_RUNPATH_SEARCH_PATHS = (
					"$(inherited)",
					"@executable_path/Frameworks",
				);
				PRODUCT_BUNDLE_IDENTIFIER = com.example.UofTwithME;
				PRODUCT_NAME = "$(TARGET_NAME)";
				SWIFT_VERSION = 5.0;
				TARGETED_DEVICE_FAMILY = "1,2";
			};
			name = Release;
		};
/* End XCBuildConfiguration section */

/* Begin XCConfigurationList section */
		9226D5FB24D4DAB700F5040D /* Build configuration list for PBXProject "UofTwithME" */ = {
			isa = XCConfigurationList;
			buildConfigurations = (
				9226D61224D4DAB800F5040D /* Debug */,
				9226D61324D4DAB800F5040D /* Release */,
			);
			defaultConfigurationIsVisible = 0;
			defaultConfigurationName = Release;
		};
		9226D61424D4DAB800F5040D /* Build configuration list for PBXNativeTarget "UofTwithME" */ = {
			isa = XCConfigurationList;
			buildConfigurations = (
				9226D61524D4DAB800F5040D /* Debug */,
				9226D61624D4DAB800F5040D /* Release */,
			);
			defaultConfigurationIsVisible = 0;
			defaultConfigurationName = Release;
		};
/* End XCConfigurationList section */
	};
	rootObject = 9226D5F824D4DAB700F5040D /* Project object */;
}
